{
  "name": "alumni",
  "version": "0.0.1",
  "lockfileVersion": 1,
  "requires": true,
  "dependencies": {
    "vant-weapp": {
      "version": "1.0.0-beta.4",
      "resolved": "https://registry.npm.taobao.org/vant-weapp/download/vant-weapp-1.0.0-beta.4.tgz",
      "integrity": "sha1-MpFPXH9d4aenBYLAYKvksfn4BLo="
    }
  }
}
